{
  "name": "node-room",
  "version": "0.0.0",
  "lockfileVersion": 3,
  "requires": true,
  "packages": {
    "": {
      "name": "node-room",
      "version": "0.0.0"
    },
    "node_modules/.pnpm/@types+prettier@2.7.1/node_modules/@types/prettier": {
      "version": "2.7.1",
      "extraneous": true,
      "license": "MIT"
    }
  }
}
